// !$*UTF8*$!
{
	archiveVersion = 1;
	classes = {
	};
	objectVersion = 77;
	objects = {

/* Begin PBXBuildFile section */
		457920CE2CC2A33600A2A801 /* WidgetKit.framework in Frameworks */ = {isa = PBXBuildFile; fileRef = 457920CD2CC2A33500A2A801 /* WidgetKit.framework */; };
		457920D02CC2A33600A2A801 /* SwiftUI.framework in Frameworks */ = {isa = PBXBuildFile; fileRef = 457920CF2CC2A33600A2A801 /* SwiftUI.framework */; };
		457920E12CC2A33700A2A801 /* Simple Mind Widgets.appex in Embed Foundation Extensions */ = {isa = PBXBuildFile; fileRef = 457920CB2CC2A33500A2A801 /* Simple Mind Widgets.appex */; settings = {ATTRIBUTES = (RemoveHeadersOnCopy, ); }; };
/* End PBXBuildFile section */

/* Begin PBXContainerItemProxy section */
		457920DF2CC2A33700A2A801 /* PBXContainerItemProxy */ = {
			isa = PBXContainerItemProxy;
			containerPortal = 459CEF262CC17E4500D2DA6A /* Project object */;
			proxyType = 1;
			remoteGlobalIDString = 457920CA2CC2A33500A2A801;
			remoteInfo = WidgetExtension;
		};
		459CEF3F2CC17E4600D2DA6A /* PBXContainerItemProxy */ = {
			isa = PBXContainerItemProxy;
			containerPortal = 459CEF262CC17E4500D2DA6A /* Project object */;
			proxyType = 1;
			remoteGlobalIDString = 459CEF2D2CC17E4500D2DA6A;
			remoteInfo = "Simple Mind";
		};
		459CEF492CC17E4600D2DA6A /* PBXContainerItemProxy */ = {
			isa = PBXContainerItemProxy;
			containerPortal = 459CEF262CC17E4500D2DA6A /* Project object */;
			proxyType = 1;
			remoteGlobalIDString = 459CEF2D2CC17E4500D2DA6A;
			remoteInfo = "Simple Mind";
		};
/* End PBXContainerItemProxy section */

/* Begin PBXCopyFilesBuildPhase section */
		457920E62CC2A33700A2A801 /* Embed Foundation Extensions */ = {
			isa = PBXCopyFilesBuildPhase;
			buildActionMask = 2147483647;
			dstPath = "";
			dstSubfolderSpec = 13;
			files = (
				457920E12CC2A33700A2A801 /* Simple Mind Widgets.appex in Embed Foundation Extensions */,
			);
			name = "Embed Foundation Extensions";
			runOnlyForDeploymentPostprocessing = 0;
		};
/* End PBXCopyFilesBuildPhase section */

/* Begin PBXFileReference section */
		457920CB2CC2A33500A2A801 /* Simple Mind Widgets.appex */ = {isa = PBXFileReference; explicitFileType = "wrapper.app-extension"; includeInIndex = 0; path = "Simple Mind Widgets.appex"; sourceTree = BUILT_PRODUCTS_DIR; };
		457920CD2CC2A33500A2A801 /* WidgetKit.framework */ = {isa = PBXFileReference; lastKnownFileType = wrapper.framework; name = WidgetKit.framework; path = System/Library/Frameworks/WidgetKit.framework; sourceTree = SDKROOT; };
		457920CF2CC2A33600A2A801 /* SwiftUI.framework */ = {isa = PBXFileReference; lastKnownFileType = wrapper.framework; name = SwiftUI.framework; path = System/Library/Frameworks/SwiftUI.framework; sourceTree = SDKROOT; };
		457920E72CC2A45C00A2A801 /* WidgetExtension.entitlements */ = {isa = PBXFileReference; lastKnownFileType = text.plist.entitlements; path = WidgetExtension.entitlements; sourceTree = "<group>"; };
		459CEF2E2CC17E4500D2DA6A /* Simple Mind.app */ = {isa = PBXFileReference; explicitFileType = wrapper.application; includeInIndex = 0; path = "Simple Mind.app"; sourceTree = BUILT_PRODUCTS_DIR; };
		459CEF3E2CC17E4600D2DA6A /* Simple MindTests.xctest */ = {isa = PBXFileReference; explicitFileType = wrapper.cfbundle; includeInIndex = 0; path = "Simple MindTests.xctest"; sourceTree = BUILT_PRODUCTS_DIR; };
		459CEF482CC17E4600D2DA6A /* Simple MindUITests.xctest */ = {isa = PBXFileReference; explicitFileType = wrapper.cfbundle; includeInIndex = 0; path = "Simple MindUITests.xctest"; sourceTree = BUILT_PRODUCTS_DIR; };
/* End PBXFileReference section */

/* Begin PBXFileSystemSynchronizedBuildFileExceptionSet section */
		457920E22CC2A33700A2A801 /* Exceptions for "Widget" folder in "Simple Mind Widgets" target */ = {
			isa = PBXFileSystemSynchronizedBuildFileExceptionSet;
			membershipExceptions = (
				Info.plist,
			);
			target = 457920CA2CC2A33500A2A801 /* Simple Mind Widgets */;
		};
/* End PBXFileSystemSynchronizedBuildFileExceptionSet section */

/* Begin PBXFileSystemSynchronizedRootGroup section */
		457920D12CC2A33600A2A801 /* Widget */ = {
			isa = PBXFileSystemSynchronizedRootGroup;
			exceptions = (
				457920E22CC2A33700A2A801 /* Exceptions for "Widget" folder in "Simple Mind Widgets" target */,
			);
			path = Widget;
			sourceTree = "<group>";
		};
		459CEF302CC17E4500D2DA6A /* Simple Mind */ = {
			isa = PBXFileSystemSynchronizedRootGroup;
			path = "Simple Mind";
			sourceTree = "<group>";
		};
		459CEF412CC17E4600D2DA6A /* Simple MindTests */ = {
			isa = PBXFileSystemSynchronizedRootGroup;
			path = "Simple MindTests";
			sourceTree = "<group>";
		};
		459CEF4B2CC17E4600D2DA6A /* Simple MindUITests */ = {
			isa = PBXFileSystemSynchronizedRootGroup;
			path = "Simple MindUITests";
			sourceTree = "<group>";
		};
/* End PBXFileSystemSynchronizedRootGroup section */

/* Begin PBXFrameworksBuildPhase section */
		457920C82CC2A33500A2A801 /* Frameworks */ = {
			isa = PBXFrameworksBuildPhase;
			buildActionMask = 2147483647;
			files = (
				457920D02CC2A33600A2A801 /* SwiftUI.framework in Frameworks */,
				457920CE2CC2A33600A2A801 /* WidgetKit.framework in Frameworks */,
			);
			runOnlyForDeploymentPostprocessing = 0;
		};
		459CEF2B2CC17E4500D2DA6A /* Frameworks */ = {
			isa = PBXFrameworksBuildPhase;
			buildActionMask = 2147483647;
			files = (
			);
			runOnlyForDeploymentPostprocessing = 0;
		};
		459CEF3B2CC17E4600D2DA6A /* Frameworks */ = {
			isa = PBXFrameworksBuildPhase;
			buildActionMask = 2147483647;
			files = (
			);
			runOnlyForDeploymentPostprocessing = 0;
		};
		459CEF452CC17E4600D2DA6A /* Frameworks */ = {
			isa = PBXFrameworksBuildPhase;
			buildActionMask = 2147483647;
			files = (
			);
			runOnlyForDeploymentPostprocessing = 0;
		};
/* End PBXFrameworksBuildPhase section */

/* Begin PBXGroup section */
		457920CC2CC2A33500A2A801 /* Frameworks */ = {
			isa = PBXGroup;
			children = (
				457920CD2CC2A33500A2A801 /* WidgetKit.framework */,
				457920CF2CC2A33600A2A801 /* SwiftUI.framework */,
			);
			name = Frameworks;
			sourceTree = "<group>";
		};
		459CEF252CC17E4500D2DA6A = {
			isa = PBXGroup;
			children = (
				457920E72CC2A45C00A2A801 /* WidgetExtension.entitlements */,
				459CEF302CC17E4500D2DA6A /* Simple Mind */,
				459CEF412CC17E4600D2DA6A /* Simple MindTests */,
				459CEF4B2CC17E4600D2DA6A /* Simple MindUITests */,
				457920D12CC2A33600A2A801 /* Widget */,
				457920CC2CC2A33500A2A801 /* Frameworks */,
				459CEF2F2CC17E4500D2DA6A /* Products */,
			);
			sourceTree = "<group>";
		};
		459CEF2F2CC17E4500D2DA6A /* Products */ = {
			isa = PBXGroup;
			children = (
				459CEF2E2CC17E4500D2DA6A /* Simple Mind.app */,
				459CEF3E2CC17E4600D2DA6A /* Simple MindTests.xctest */,
				459CEF482CC17E4600D2DA6A /* Simple MindUITests.xctest */,
				457920CB2CC2A33500A2A801 /* Simple Mind Widgets.appex */,
			);
			name = Products;
			sourceTree = "<group>";
		};
/* End PBXGroup section */

/* Begin PBXNativeTarget section */
		457920CA2CC2A33500A2A801 /* Simple Mind Widgets */ = {
			isa = PBXNativeTarget;
			buildConfigurationList = 457920E32CC2A33700A2A801 /* Build configuration list for PBXNativeTarget "Simple Mind Widgets" */;
			buildPhases = (
				457920C72CC2A33500A2A801 /* Sources */,
				457920C82CC2A33500A2A801 /* Frameworks */,
				457920C92CC2A33500A2A801 /* Resources */,
			);
			buildRules = (
			);
			dependencies = (
			);
			fileSystemSynchronizedGroups = (
				457920D12CC2A33600A2A801 /* Widget */,
			);
			name = "Simple Mind Widgets";
			packageProductDependencies = (
			);
			productName = WidgetExtension;
			productReference = 457920CB2CC2A33500A2A801 /* Simple Mind Widgets.appex */;
			productType = "com.apple.product-type.app-extension";
		};
		459CEF2D2CC17E4500D2DA6A /* Simple Mind */ = {
			isa = PBXNativeTarget;
			buildConfigurationList = 459CEF522CC17E4600D2DA6A /* Build configuration list for PBXNativeTarget "Simple Mind" */;
			buildPhases = (
				459CEF2A2CC17E4500D2DA6A /* Sources */,
				459CEF2B2CC17E4500D2DA6A /* Frameworks */,
				459CEF2C2CC17E4500D2DA6A /* Resources */,
				457920E62CC2A33700A2A801 /* Embed Foundation Extensions */,
			);
			buildRules = (
			);
			dependencies = (
				457920E02CC2A33700A2A801 /* PBXTargetDependency */,
			);
			fileSystemSynchronizedGroups = (
				459CEF302CC17E4500D2DA6A /* Simple Mind */,
			);
			name = "Simple Mind";
			packageProductDependencies = (
			);
			productName = "Simple Mind";
			productReference = 459CEF2E2CC17E4500D2DA6A /* Simple Mind.app */;
			productType = "com.apple.product-type.application";
		};
		459CEF3D2CC17E4600D2DA6A /* Simple MindTests */ = {
			isa = PBXNativeTarget;
			buildConfigurationList = 459CEF552CC17E4600D2DA6A /* Build configuration list for PBXNativeTarget "Simple MindTests" */;
			buildPhases = (
				459CEF3A2CC17E4600D2DA6A /* Sources */,
				459CEF3B2CC17E4600D2DA6A /* Frameworks */,
				459CEF3C2CC17E4600D2DA6A /* Resources */,
			);
			buildRules = (
			);
			dependencies = (
				459CEF402CC17E4600D2DA6A /* PBXTargetDependency */,
			);
			fileSystemSynchronizedGroups = (
				459CEF412CC17E4600D2DA6A /* Simple MindTests */,
			);
			name = "Simple MindTests";
			packageProductDependencies = (
			);
			productName = "Simple MindTests";
			productReference = 459CEF3E2CC17E4600D2DA6A /* Simple MindTests.xctest */;
			productType = "com.apple.product-type.bundle.unit-test";
		};
		459CEF472CC17E4600D2DA6A /* Simple MindUITests */ = {
			isa = PBXNativeTarget;
			buildConfigurationList = 459CEF582CC17E4600D2DA6A /* Build configuration list for PBXNativeTarget "Simple MindUITests" */;
			buildPhases = (
				459CEF442CC17E4600D2DA6A /* Sources */,
				459CEF452CC17E4600D2DA6A /* Frameworks */,
				459CEF462CC17E4600D2DA6A /* Resources */,
			);
			buildRules = (
			);
			dependencies = (
				459CEF4A2CC17E4600D2DA6A /* PBXTargetDependency */,
			);
			fileSystemSynchronizedGroups = (
				459CEF4B2CC17E4600D2DA6A /* Simple MindUITests */,
			);
			name = "Simple MindUITests";
			packageProductDependencies = (
			);
			productName = "Simple MindUITests";
			productReference = 459CEF482CC17E4600D2DA6A /* Simple MindUITests.xctest */;
			productType = "com.apple.product-type.bundle.ui-testing";
		};
/* End PBXNativeTarget section */

/* Begin PBXProject section */
		459CEF262CC17E4500D2DA6A /* Project object */ = {
			isa = PBXProject;
			attributes = {
				BuildIndependentTargetsInParallel = 1;
				LastSwiftUpdateCheck = 1600;
				LastUpgradeCheck = 1600;
				TargetAttributes = {
					457920CA2CC2A33500A2A801 = {
						CreatedOnToolsVersion = 16.0;
					};
					459CEF2D2CC17E4500D2DA6A = {
						CreatedOnToolsVersion = 16.0;
					};
					459CEF3D2CC17E4600D2DA6A = {
						CreatedOnToolsVersion = 16.0;
						TestTargetID = 459CEF2D2CC17E4500D2DA6A;
					};
					459CEF472CC17E4600D2DA6A = {
						CreatedOnToolsVersion = 16.0;
						TestTargetID = 459CEF2D2CC17E4500D2DA6A;
					};
				};
			};
			buildConfigurationList = 459CEF292CC17E4500D2DA6A /* Build configuration list for PBXProject "Simple Mind" */;
			developmentRegion = en;
			hasScannedForEncodings = 0;
			knownRegions = (
				en,
				Base,
			);
			mainGroup = 459CEF252CC17E4500D2DA6A;
			minimizedProjectReferenceProxies = 1;
			preferredProjectObjectVersion = 77;
			productRefGroup = 459CEF2F2CC17E4500D2DA6A /* Products */;
			projectDirPath = "";
			projectRoot = "";
			targets = (
				459CEF2D2CC17E4500D2DA6A /* Simple Mind */,
				459CEF3D2CC17E4600D2DA6A /* Simple MindTests */,
				459CEF472CC17E4600D2DA6A /* Simple MindUITests */,
				457920CA2CC2A33500A2A801 /* Simple Mind Widgets */,
			);
		};
/* End PBXProject section */

/* Begin PBXResourcesBuildPhase section */
		457920C92CC2A33500A2A801 /* Resources */ = {
			isa = PBXResourcesBuildPhase;
			buildActionMask = 2147483647;
			files = (
			);
			runOnlyForDeploymentPostprocessing = 0;
		};
		459CEF2C2CC17E4500D2DA6A /* Resources */ = {
			isa = PBXResourcesBuildPhase;
			buildActionMask = 2147483647;
			files = (
			);
			runOnlyForDeploymentPostprocessing = 0;
		};
		459CEF3C2CC17E4600D2DA6A /* Resources */ = {
			isa = PBXResourcesBuildPhase;
			buildActionMask = 2147483647;
			files = (
			);
			runOnlyForDeploymentPostprocessing = 0;
		};
		459CEF462CC17E4600D2DA6A /* Resources */ = {
			isa = PBXResourcesBuildPhase;
			buildActionMask = 2147483647;
			files = (
			);
			runOnlyForDeploymentPostprocessing = 0;
		};
/* End PBXResourcesBuildPhase section */

/* Begin PBXSourcesBuildPhase section */
		457920C72CC2A33500A2A801 /* Sources */ = {
			isa = PBXSourcesBuildPhase;
			buildActionMask = 2147483647;
			files = (
			);
			runOnlyForDeploymentPostprocessing = 0;
		};
		459CEF2A2CC17E4500D2DA6A /* Sources */ = {
			isa = PBXSourcesBuildPhase;
			buildActionMask = 2147483647;
			files = (
			);
			runOnlyForDeploymentPostprocessing = 0;
		};
		459CEF3A2CC17E4600D2DA6A /* Sources */ = {
			isa = PBXSourcesBuildPhase;
			buildActionMask = 2147483647;
			files = (
			);
			runOnlyForDeploymentPostprocessing = 0;
		};
		459CEF442CC17E4600D2DA6A /* Sources */ = {
			isa = PBXSourcesBuildPhase;
			buildActionMask = 2147483647;
			files = (
			);
			runOnlyForDeploymentPostprocessing = 0;
		};
/* End PBXSourcesBuildPhase section */

/* Begin PBXTargetDependency section */
		457920E02CC2A33700A2A801 /* PBXTargetDependency */ = {
			isa = PBXTargetDependency;
			target = 457920CA2CC2A33500A2A801 /* Simple Mind Widgets */;
			targetProxy = 457920DF2CC2A33700A2A801 /* PBXContainerItemProxy */;
		};
		459CEF402CC17E4600D2DA6A /* PBXTargetDependency */ = {
			isa = PBXTargetDependency;
			target = 459CEF2D2CC17E4500D2DA6A /* Simple Mind */;
			targetProxy = 459CEF3F2CC17E4600D2DA6A /* PBXContainerItemProxy */;
		};
		459CEF4A2CC17E4600D2DA6A /* PBXTargetDependency */ = {
			isa = PBXTargetDependency;
			target = 459CEF2D2CC17E4500D2DA6A /* Simple Mind */;
			targetProxy = 459CEF492CC17E4600D2DA6A /* PBXContainerItemProxy */;
		};
/* End PBXTargetDependency section */

/* Begin XCBuildConfiguration section */
		457920E42CC2A33700A2A801 /* Debug */ = {
			isa = XCBuildConfiguration;
			buildSettings = {
				ASSETCATALOG_COMPILER_GLOBAL_ACCENT_COLOR_NAME = AccentColor;
				ASSETCATALOG_COMPILER_WIDGET_BACKGROUND_COLOR_NAME = WidgetBackground;
				CODE_SIGN_ENTITLEMENTS = WidgetExtension.entitlements;
				CODE_SIGN_IDENTITY = "Apple Development";
				CODE_SIGN_STYLE = Automatic;
				CURRENT_PROJECT_VERSION = 1;
				DEVELOPMENT_TEAM = 7VH47ZWV4T;
				GENERATE_INFOPLIST_FILE = YES;
				INFOPLIST_FILE = Widget/Info.plist;
				INFOPLIST_KEY_CFBundleDisplayName = Widget;
				INFOPLIST_KEY_NSHealthClinicalHealthRecordsShareUsageDescription = "Reading Health data to track against your goals and use in widgets.";
				INFOPLIST_KEY_NSHealthShareUsageDescription = "Reading Health data to track against your goals and use in widgets.";
				INFOPLIST_KEY_NSHumanReadableCopyright = "";
				LD_RUNPATH_SEARCH_PATHS = (
					"$(inherited)",
					"@executable_path/Frameworks",
					"@executable_path/../../Frameworks",
				);
				MARKETING_VERSION = 1.0;
				PRODUCT_BUNDLE_IDENTIFIER = "TheGeekForge.Simple-Mind.Widget";
				PRODUCT_NAME = "$(TARGET_NAME)";
				SKIP_INSTALL = YES;
				SWIFT_EMIT_LOC_STRINGS = YES;
				SWIFT_VERSION = 5.0;
				TARGETED_DEVICE_FAMILY = "1,2";
			};
			name = Debug;
		};
		457920E52CC2A33700A2A801 /* Release */ = {
			isa = XCBuildConfiguration;
			buildSettings = {
				ASSETCATALOG_COMPILER_GLOBAL_ACCENT_COLOR_NAME = AccentColor;
				ASSETCATALOG_COMPILER_WIDGET_BACKGROUND_COLOR_NAME = WidgetBackground;
				CODE_SIGN_ENTITLEMENTS = WidgetExtension.entitlements;
				CODE_SIGN_IDENTITY = "Apple Development";
				CODE_SIGN_STYLE = Automatic;
				CURRENT_PROJECT_VERSION = 1;
				DEVELOPMENT_TEAM = 7VH47ZWV4T;
				GENERATE_INFOPLIST_FILE = YES;
				INFOPLIST_FILE = Widget/Info.plist;
				INFOPLIST_KEY_CFBundleDisplayName = Widget;
				INFOPLIST_KEY_NSHealthClinicalHealthRecordsShareUsageDescription = "Reading Health data to track against your goals and use in widgets.";
				INFOPLIST_KEY_NSHealthShareUsageDescription = "Reading Health data to track against your goals and use in widgets.";
				INFOPLIST_KEY_NSHumanReadableCopyright = "";
				LD_RUNPATH_SEARCH_PATHS = (
					"$(inherited)",
					"@executable_path/Frameworks",
					"@executable_path/../../Frameworks",
				);
				MARKETING_VERSION = 1.0;
				PRODUCT_BUNDLE_IDENTIFIER = "TheGeekForge.Simple-Mind.Widget";
				PRODUCT_NAME = "$(TARGET_NAME)";
				SKIP_INSTALL = YES;
				SWIFT_EMIT_LOC_STRINGS = YES;
				SWIFT_VERSION = 5.0;
				TARGETED_DEVICE_FAMILY = "1,2";
			};
			name = Release;
		};
		459CEF502CC17E4600D2DA6A /* Debug */ = {
			isa = XCBuildConfiguration;
			buildSettings = {
				ALWAYS_SEARCH_USER_PATHS = NO;
				ASSETCATALOG_COMPILER_GENERATE_SWIFT_ASSET_SYMBOL_EXTENSIONS = YES;
				CLANG_ANALYZER_NONNULL = YES;
				CLANG_ANALYZER_NUMBER_OBJECT_CONVERSION = YES_AGGRESSIVE;
				CLANG_CXX_LANGUAGE_STANDARD = "gnu++20";
				CLANG_ENABLE_MODULES = YES;
				CLANG_ENABLE_OBJC_ARC = YES;
				CLANG_ENABLE_OBJC_WEAK = YES;
				CLANG_WARN_BLOCK_CAPTURE_AUTORELEASING = YES;
				CLANG_WARN_BOOL_CONVERSION = YES;
				CLANG_WARN_COMMA = YES;
				CLANG_WARN_CONSTANT_CONVERSION = YES;
				CLANG_WARN_DEPRECATED_OBJC_IMPLEMENTATIONS = YES;
				CLANG_WARN_DIRECT_OBJC_ISA_USAGE = YES_ERROR;
				CLANG_WARN_DOCUMENTATION_COMMENTS = YES;
				CLANG_WARN_EMPTY_BODY = YES;
				CLANG_WARN_ENUM_CONVERSION = YES;
				CLANG_WARN_INFINITE_RECURSION = YES;
				CLANG_WARN_INT_CONVERSION = YES;
				CLANG_WARN_NON_LITERAL_NULL_CONVERSION = YES;
				CLANG_WARN_OBJC_IMPLICIT_RETAIN_SELF = YES;
				CLANG_WARN_OBJC_LITERAL_CONVERSION = YES;
				CLANG_WARN_OBJC_ROOT_CLASS = YES_ERROR;
				CLANG_WARN_QUOTED_INCLUDE_IN_FRAMEWORK_HEADER = YES;
				CLANG_WARN_RANGE_LOOP_ANALYSIS = YES;
				CLANG_WARN_STRICT_PROTOTYPES = YES;
				CLANG_WARN_SUSPICIOUS_MOVE = YES;
				CLANG_WARN_UNGUARDED_AVAILABILITY = YES_AGGRESSIVE;
				CLANG_WARN_UNREACHABLE_CODE = YES;
				CLANG_WARN__DUPLICATE_METHOD_MATCH = YES;
				COPY_PHASE_STRIP = NO;
				DEBUG_INFORMATION_FORMAT = dwarf;
				ENABLE_STRICT_OBJC_MSGSEND = YES;
				ENABLE_TESTABILITY = YES;
				ENABLE_USER_SCRIPT_SANDBOXING = YES;
				GCC_C_LANGUAGE_STANDARD = gnu17;
				GCC_DYNAMIC_NO_PIC = NO;
				GCC_NO_COMMON_BLOCKS = YES;
				GCC_OPTIMIZATION_LEVEL = 0;
				GCC_PREPROCESSOR_DEFINITIONS = (
					"DEBUG=1",
					"$(inherited)",
				);
				GCC_WARN_64_TO_32_BIT_CONVERSION = YES;
				GCC_WARN_ABOUT_RETURN_TYPE = YES_ERROR;
				GCC_WARN_UNDECLARED_SELECTOR = YES;
				GCC_WARN_UNINITIALIZED_AUTOS = YES_AGGRESSIVE;
				GCC_WARN_UNUSED_FUNCTION = YES;
				GCC_WARN_UNUSED_VARIABLE = YES;
				IPHONEOS_DEPLOYMENT_TARGET = 18.0;
				LOCALIZATION_PREFERS_STRING_CATALOGS = YES;
				MTL_ENABLE_DEBUG_INFO = INCLUDE_SOURCE;
				MTL_FAST_MATH = YES;
				ONLY_ACTIVE_ARCH = YES;
				SDKROOT = iphoneos;
				SWIFT_ACTIVE_COMPILATION_CONDITIONS = "DEBUG $(inherited)";
				SWIFT_OPTIMIZATION_LEVEL = "-Onone";
			};
			name = Debug;
		};
		459CEF512CC17E4600D2DA6A /* Release */ = {
			isa = XCBuildConfiguration;
			buildSettings = {
				ALWAYS_SEARCH_USER_PATHS = NO;
				ASSETCATALOG_COMPILER_GENERATE_SWIFT_ASSET_SYMBOL_EXTENSIONS = YES;
				CLANG_ANALYZER_NONNULL = YES;
				CLANG_ANALYZER_NUMBER_OBJECT_CONVERSION = YES_AGGRESSIVE;
				CLANG_CXX_LANGUAGE_STANDARD = "gnu++20";
				CLANG_ENABLE_MODULES = YES;
				CLANG_ENABLE_OBJC_ARC = YES;
				CLANG_ENABLE_OBJC_WEAK = YES;
				CLANG_WARN_BLOCK_CAPTURE_AUTORELEASING = YES;
				CLANG_WARN_BOOL_CONVERSION = YES;
				CLANG_WARN_COMMA = YES;
				CLANG_WARN_CONSTANT_CONVERSION = YES;
				CLANG_WARN_DEPRECATED_OBJC_IMPLEMENTATIONS = YES;
				CLANG_WARN_DIRECT_OBJC_ISA_USAGE = YES_ERROR;
				CLANG_WARN_DOCUMENTATION_COMMENTS = YES;
				CLANG_WARN_EMPTY_BODY = YES;
				CLANG_WARN_ENUM_CONVERSION = YES;
				CLANG_WARN_INFINITE_RECURSION = YES;
				CLANG_WARN_INT_CONVERSION = YES;
				CLANG_WARN_NON_LITERAL_NULL_CONVERSION = YES;
				CLANG_WARN_OBJC_IMPLICIT_RETAIN_SELF = YES;
				CLANG_WARN_OBJC_LITERAL_CONVERSION = YES;
				CLANG_WARN_OBJC_ROOT_CLASS = YES_ERROR;
				CLANG_WARN_QUOTED_INCLUDE_IN_FRAMEWORK_HEADER = YES;
				CLANG_WARN_RANGE_LOOP_ANALYSIS = YES;
				CLANG_WARN_STRICT_PROTOTYPES = YES;
				CLANG_WARN_SUSPICIOUS_MOVE = YES;
				CLANG_WARN_UNGUARDED_AVAILABILITY = YES_AGGRESSIVE;
				CLANG_WARN_UNREACHABLE_CODE = YES;
				CLANG_WARN__DUPLICATE_METHOD_MATCH = YES;
				COPY_PHASE_STRIP = NO;
				DEBUG_INFORMATION_FORMAT = "dwarf-with-dsym";
				ENABLE_NS_ASSERTIONS = NO;
				ENABLE_STRICT_OBJC_MSGSEND = YES;
				ENABLE_USER_SCRIPT_SANDBOXING = YES;
				GCC_C_LANGUAGE_STANDARD = gnu17;
				GCC_NO_COMMON_BLOCKS = YES;
				GCC_WARN_64_TO_32_BIT_CONVERSION = YES;
				GCC_WARN_ABOUT_RETURN_TYPE = YES_ERROR;
				GCC_WARN_UNDECLARED_SELECTOR = YES;
				GCC_WARN_UNINITIALIZED_AUTOS = YES_AGGRESSIVE;
				GCC_WARN_UNUSED_FUNCTION = YES;
				GCC_WARN_UNUSED_VARIABLE = YES;
				IPHONEOS_DEPLOYMENT_TARGET = 18.0;
				LOCALIZATION_PREFERS_STRING_CATALOGS = YES;
				MTL_ENABLE_DEBUG_INFO = NO;
				MTL_FAST_MATH = YES;
				SDKROOT = iphoneos;
				SWIFT_COMPILATION_MODE = wholemodule;
				VALIDATE_PRODUCT = YES;
			};
			name = Release;
		};
		459CEF532CC17E4600D2DA6A /* Debug */ = {
			isa = XCBuildConfiguration;
			buildSettings = {
				ASSETCATALOG_COMPILER_APPICON_NAME = AppIcon;
				ASSETCATALOG_COMPILER_GLOBAL_ACCENT_COLOR_NAME = AccentColor;
				CODE_SIGN_ENTITLEMENTS = "Simple Mind/Simple Mind.entitlements";
				CODE_SIGN_IDENTITY = "Apple Development";
				CODE_SIGN_STYLE = Automatic;
				CURRENT_PROJECT_VERSION = 1;
				DEVELOPMENT_ASSET_PATHS = "\"Simple Mind/Preview Content\"";
				DEVELOPMENT_TEAM = 7VH47ZWV4T;
				ENABLE_PREVIEWS = YES;
				GENERATE_INFOPLIST_FILE = YES;
				INFOPLIST_FILE = "Simple-Mind-Info.plist";
				INFOPLIST_KEY_CFBundleDisplayName = "Simple Mind";
				INFOPLIST_KEY_NSHealthShareUsageDescription = "Reading Health data to track against your goals and use in widgets.";
				INFOPLIST_KEY_NSHealthUpdateUsageDescription = "Reading Health data to track against your goals and use in widgets.";
				INFOPLIST_KEY_UIApplicationSceneManifest_Generation = YES;
				INFOPLIST_KEY_UIApplicationSupportsIndirectInputEvents = YES;
				INFOPLIST_KEY_UILaunchScreen_Generation = YES;
				INFOPLIST_KEY_UISupportedInterfaceOrientations_iPad = "UIInterfaceOrientationPortrait UIInterfaceOrientationPortraitUpsideDown UIInterfaceOrientationLandscapeLeft UIInterfaceOrientationLandscapeRight";
				INFOPLIST_KEY_UISupportedInterfaceOrientations_iPhone = "UIInterfaceOrientationPortrait UIInterfaceOrientationLandscapeLeft UIInterfaceOrientationLandscapeRight";
				LD_RUNPATH_SEARCH_PATHS = (
					"$(inherited)",
					"@executable_path/Frameworks",
				);
				MARKETING_VERSION = 1.0;
				PRODUCT_BUNDLE_IDENTIFIER = "TheGeekForge.Simple-Mind";
				PRODUCT_NAME = "$(TARGET_NAME)";
				PROVISIONING_PROFILE_SPECIFIER = "";
				SWIFT_EMIT_LOC_STRINGS = YES;
				SWIFT_VERSION = 5.0;
				TARGETED_DEVICE_FAMILY = "1,2";
			};
			name = Debug;
		};
		459CEF542CC17E4600D2DA6A /* Release */ = {
			isa = XCBuildConfiguration;
			buildSettings = {
				ASSETCATALOG_COMPILER_APPICON_NAME = AppIcon;
				ASSETCATALOG_COMPILER_GLOBAL_ACCENT_COLOR_NAME = AccentColor;
				CODE_SIGN_ENTITLEMENTS = "Simple Mind/Simple Mind.entitlements";
				CODE_SIGN_IDENTITY = "Apple Development";
				CODE_SIGN_STYLE = Automatic;
				CURRENT_PROJECT_VERSION = 1;
				DEVELOPMENT_ASSET_PATHS = "\"Simple Mind/Preview Content\"";
				DEVELOPMENT_TEAM = 7VH47ZWV4T;
				ENABLE_PREVIEWS = YES;
				GENERATE_INFOPLIST_FILE = YES;
				INFOPLIST_FILE = "Simple-Mind-Info.plist";
				INFOPLIST_KEY_CFBundleDisplayName = "Simple Mind";
				INFOPLIST_KEY_NSHealthShareUsageDescription = "Reading Health data to track against your goals and use in widgets.";
				INFOPLIST_KEY_NSHealthUpdateUsageDescription = "Reading Health data to track against your goals and use in widgets.";
				INFOPLIST_KEY_UIApplicationSceneManifest_Generation = YES;
				INFOPLIST_KEY_UIApplicationSupportsIndirectInputEvents = YES;
				INFOPLIST_KEY_UILaunchScreen_Generation = YES;
				INFOPLIST_KEY_UISupportedInterfaceOrientations_iPad = "UIInterfaceOrientationPortrait UIInterfaceOrientationPortraitUpsideDown UIInterfaceOrientationLandscapeLeft UIInterfaceOrientationLandscapeRight";
				INFOPLIST_KEY_UISupportedInterfaceOrientations_iPhone = "UIInterfaceOrientationPortrait UIInterfaceOrientationLandscapeLeft UIInterfaceOrientationLandscapeRight";
				LD_RUNPATH_SEARCH_PATHS = (
					"$(inherited)",
					"@executable_path/Frameworks",
				);
				MARKETING_VERSION = 1.0;
				PRODUCT_BUNDLE_IDENTIFIER = "TheGeekForge.Simple-Mind";
				PRODUCT_NAME = "$(TARGET_NAME)";
				PROVISIONING_PROFILE_SPECIFIER = "";
				SWIFT_EMIT_LOC_STRINGS = YES;
				SWIFT_VERSION = 5.0;
				TARGETED_DEVICE_FAMILY = "1,2";
			};
			name = Release;
		};
		459CEF562CC17E4600D2DA6A /* Debug */ = {
			isa = XCBuildConfiguration;
			buildSettings = {
				BUNDLE_LOADER = "$(TEST_HOST)";
				CODE_SIGN_STYLE = Automatic;
				CURRENT_PROJECT_VERSION = 1;
				GENERATE_INFOPLIST_FILE = YES;
				IPHONEOS_DEPLOYMENT_TARGET = 18.0;
				MARKETING_VERSION = 1.0;
				PRODUCT_BUNDLE_IDENTIFIER = "WinterShop.Simple-MindTests";
				PRODUCT_NAME = "$(TARGET_NAME)";
				SWIFT_EMIT_LOC_STRINGS = NO;
				SWIFT_VERSION = 5.0;
				TARGETED_DEVICE_FAMILY = "1,2";
				TEST_HOST = "$(BUILT_PRODUCTS_DIR)/Simple Mind.app/$(BUNDLE_EXECUTABLE_FOLDER_PATH)/Simple Mind";
			};
			name = Debug;
		};
		459CEF572CC17E4600D2DA6A /* Release */ = {
			isa = XCBuildConfiguration;
			buildSettings = {
				BUNDLE_LOADER = "$(TEST_HOST)";
				CODE_SIGN_STYLE = Automatic;
				CURRENT_PROJECT_VERSION = 1;
				GENERATE_INFOPLIST_FILE = YES;
				IPHONEOS_DEPLOYMENT_TARGET = 18.0;
				MARKETING_VERSION = 1.0;
				PRODUCT_BUNDLE_IDENTIFIER = "WinterShop.Simple-MindTests";
				PRODUCT_NAME = "$(TARGET_NAME)";
				SWIFT_EMIT_LOC_STRINGS = NO;
				SWIFT_VERSION = 5.0;
				TARGETED_DEVICE_FAMILY = "1,2";
				TEST_HOST = "$(BUILT_PRODUCTS_DIR)/Simple Mind.app/$(BUNDLE_EXECUTABLE_FOLDER_PATH)/Simple Mind";
			};
			name = Release;
		};
		459CEF592CC17E4600D2DA6A /* Debug */ = {
			isa = XCBuildConfiguration;
			buildSettings = {
				CODE_SIGN_STYLE = Automatic;
				CURRENT_PROJECT_VERSION = 1;
				GENERATE_INFOPLIST_FILE = YES;
				MARKETING_VERSION = 1.0;
				PRODUCT_BUNDLE_IDENTIFIER = "WinterShop.Simple-MindUITests";
				PRODUCT_NAME = "$(TARGET_NAME)";
				SWIFT_EMIT_LOC_STRINGS = NO;
				SWIFT_VERSION = 5.0;
				TARGETED_DEVICE_FAMILY = "1,2";
				TEST_TARGET_NAME = "Simple Mind";
			};
			name = Debug;
		};
		459CEF5A2CC17E4600D2DA6A /* Release */ = {
			isa = XCBuildConfiguration;
			buildSettings = {
				CODE_SIGN_STYLE = Automatic;
				CURRENT_PROJECT_VERSION = 1;
				GENERATE_INFOPLIST_FILE = YES;
				MARKETING_VERSION = 1.0;
				PRODUCT_BUNDLE_IDENTIFIER = "WinterShop.Simple-MindUITests";
				PRODUCT_NAME = "$(TARGET_NAME)";
				SWIFT_EMIT_LOC_STRINGS = NO;
				SWIFT_VERSION = 5.0;
				TARGETED_DEVICE_FAMILY = "1,2";
				TEST_TARGET_NAME = "Simple Mind";
			};
			name = Release;
		};
/* End XCBuildConfiguration section */

/* Begin XCConfigurationList section */
		457920E32CC2A33700A2A801 /* Build configuration list for PBXNativeTarget "Simple Mind Widgets" */ = {
			isa = XCConfigurationList;
			buildConfigurations = (
				457920E42CC2A33700A2A801 /* Debug */,
				457920E52CC2A33700A2A801 /* Release */,
			);
			defaultConfigurationIsVisible = 0;
			defaultConfigurationName = Release;
		};
		459CEF292CC17E4500D2DA6A /* Build configuration list for PBXProject "Simple Mind" */ = {
			isa = XCConfigurationList;
			buildConfigurations = (
				459CEF502CC17E4600D2DA6A /* Debug */,
				459CEF512CC17E4600D2DA6A /* Release */,
			);
			defaultConfigurationIsVisible = 0;
			defaultConfigurationName = Release;
		};
		459CEF522CC17E4600D2DA6A /* Build configuration list for PBXNativeTarget "Simple Mind" */ = {
			isa = XCConfigurationList;
			buildConfigurations = (
				459CEF532CC17E4600D2DA6A /* Debug */,
				459CEF542CC17E4600D2DA6A /* Release */,
			);
			defaultConfigurationIsVisible = 0;
			defaultConfigurationName = Release;
		};
		459CEF552CC17E4600D2DA6A /* Build configuration list for PBXNativeTarget "Simple MindTests" */ = {
			isa = XCConfigurationList;
			buildConfigurations = (
				459CEF562CC17E4600D2DA6A /* Debug */,
				459CEF572CC17E4600D2DA6A /* Release */,
			);
			defaultConfigurationIsVisible = 0;
			defaultConfigurationName = Release;
		};
		459CEF582CC17E4600D2DA6A /* Build configuration list for PBXNativeTarget "Simple MindUITests" */ = {
			isa = XCConfigurationList;
			buildConfigurations = (
				459CEF592CC17E4600D2DA6A /* Debug */,
				459CEF5A2CC17E4600D2DA6A /* Release */,
			);
			defaultConfigurationIsVisible = 0;
			defaultConfigurationName = Release;
		};
/* End XCConfigurationList section */
	};
	rootObject = 459CEF262CC17E4500D2DA6A /* Project object */;
}
